<?xml version="1.0" encoding="utf-8"?>
<Project ToolsVersion="4.0" xmlns="http://schemas.microsoft.com/developer/msbuild/2003">
  <ItemGroup>
    <Filter Include="Source Files">
      <UniqueIdentifier>{4FC737F1-C7A5-4376-A066-2A32D752A2FF}</UniqueIdentifier>
      <Extensions>cpp;c;cc;cxx;c++;cppm;ixx;def;odl;idl;hpj;bat;asm;asmx</Extensions>
    </Filter>
    <Filter Include="Resource Files">
      <UniqueIdentifier>{67DA6AB6-F800-4c08-8B7A-83BB121AAD01}</UniqueIdentifier>
      <Extensions>rc;ico;cur;bmp;dlg;rc2;rct;bin;rgs;gif;jpg;jpeg;jpe;resx;tiff;tif;png;wav;mfcribbon-ms</Extensions>
    </Filter>
    <Filter Include="source">
      <UniqueIdentifier>{c2d91438-eb95-4739-a9ec-5a7b4eeb7811}</UniqueIdentifier>
    </Filter>
    <Filter Include="source\animations">
      <UniqueIdentifier>{7a564c47-d351-4e8b-b0df-ee56c820af92}</UniqueIdentifier>
    </Filter>
    <Filter Include="source\physics">
      <UniqueIdentifier>{8eb987a6-b32a-41d0-a334-134b9c0d228f}</UniqueIdentifier>
    </Filter>
    <Filter Include="source\game">
      <UniqueIdentifier>{b3d28c58-d5e4-4ec2-b822-efd93dd2a528}</UniqueIdentifier>
    </Filter>
  </ItemGroup>
  <ItemGroup>
    <ClCompile Include="Source.cpp">
      <Filter>Source Files</Filter>
    </ClCompile>
    <ClCompile Include="stdafx.cpp">
      <Filter>Source Files</Filter>
    </ClCompile>
    <ClCompile Include="source\animations\Animator.cpp">
      <Filter>source\animations</Filter>
    </ClCompile>
    <ClCompile Include="source\animations\AnimationBase.cpp">
      <Filter>source\animations</Filter>
    </ClCompile>
    <ClCompile Include="source\animations\AnimationIdle.cpp">
      <Filter>source\animations</Filter>
    </ClCompile>
    <ClCompile Include="source\animations\AnimationJump.cpp">
      <Filter>source\animations</Filter>
    </ClCompile>
    <ClCompile Include="source\animations\AnimationJumpRun.cpp">
      <Filter>source\animations</Filter>
    </ClCompile>
    <ClCompile Include="source\animations\AnimationRun.cpp">
      <Filter>source\animations</Filter>
    </ClCompile>
    <ClCompile Include="source\game\Game.cpp">
      <Filter>source\game</Filter>
    </ClCompile>
    <ClCompile Include="source\game\Player.cpp">
      <Filter>source\game</Filter>
    </ClCompile>
    <ClCompile Include="source\game\Tile.cpp">
      <Filter>source\game</Filter>
    </ClCompile>
    <ClCompile Include="source\physics\CircleCollider.cpp">
      <Filter>source\physics</Filter>
    </ClCompile>
    <ClCompile Include="source\physics\Physics.cpp">
      <Filter>source\physics</Filter>
    </ClCompile>
    <ClCompile Include="GameObjectConfig.cpp">
      <Filter>source\game</Filter>
    </ClCompile>
    <ClCompile Include="CreatureConfig.cpp">
      <Filter>source\game</Filter>
    </ClCompile>
    <ClCompile Include="GameObject.cpp">
      <Filter>source\game</Filter>
    </ClCompile>
    <ClCompile Include="Creature.cpp">
      <Filter>source\game</Filter>
    </ClCompile>
    <ClCompile Include="ResourceManager.cpp">
      <Filter>source\game</Filter>
    </ClCompile>
    <ClCompile Include="ColliderBase.cpp">
      <Filter>source\physics</Filter>
    </ClCompile>
    <ClCompile Include="source\physics\RectAngleCollider.cpp">
      <Filter>source\physics</Filter>
    </ClCompile>
    <ClCompile Include="CapsuleCollider.cpp">
      <Filter>source\physics</Filter>
    </ClCompile>
    <ClCompile Include="Weapon.cpp">
      <Filter>Source Files</Filter>
    </ClCompile>
    <ClCompile Include="WeaponManager.cpp">
      <Filter>Source Files</Filter>
    </ClCompile>
    <ClCompile Include="WeaponConfig.cpp">
      <Filter>Source Files</Filter>
    </ClCompile>
    <ClCompile Include="WeaponPickup.cpp">
      <Filter>Source Files</Filter>
    </ClCompile>
    <ClCompile Include="source\animations\AnimationFall.cpp">
      <Filter>source\animations</Filter>
    </ClCompile>
    <ClCompile Include="source\physics\ContactListener.cpp">
      <Filter>source\physics</Filter>
    </ClCompile>
    <ClCompile Include="WindowManager.cpp">
      <Filter>Source Files</Filter>
    </ClCompile>
    <ClCompile Include="Bullet.cpp">
      <Filter>Source Files</Filter>
    </ClCompile>
    <ClCompile Include="BulletConfig.cpp">
      <Filter>Source Files</Filter>
    </ClCompile>
    <ClCompile Include="PrefabAssets.cpp">
      <Filter>Source Files</Filter>
    </ClCompile>
    <ClCompile Include="RatchetMaths.cpp">
      <Filter>Source Files</Filter>
    </ClCompile>
  </ItemGroup>
  <ItemGroup>
    <ClInclude Include="stdafx.h">
      <Filter>Source Files</Filter>
    </ClInclude>
    <ClInclude Include="source\animations\Animator.h">
      <Filter>source\animations</Filter>
    </ClInclude>
    <ClInclude Include="source\animations\AnimationBase.h">
      <Filter>source\animations</Filter>
    </ClInclude>
    <ClInclude Include="source\animations\AnimationIdle.h">
      <Filter>source\animations</Filter>
    </ClInclude>
    <ClInclude Include="source\animations\AnimationJump.h">
      <Filter>source\animations</Filter>
    </ClInclude>
    <ClInclude Include="source\animations\AnimationJumpRun.h">
      <Filter>source\animations</Filter>
    </ClInclude>
    <ClInclude Include="source\animations\AnimationRun.h">
      <Filter>source\animations</Filter>
    </ClInclude>
    <ClInclude Include="source\game\Game.h">
      <Filter>source\game</Filter>
    </ClInclude>
    <ClInclude Include="source\game\Player.h">
      <Filter>source\game</Filter>
    </ClInclude>
    <ClInclude Include="source\game\Tile.h">
      <Filter>source\game</Filter>
    </ClInclude>
    <ClInclude Include="source\physics\CircleCollider.h">
      <Filter>source\physics</Filter>
    </ClInclude>
    <ClInclude Include="source\physics\Physics.h">
      <Filter>source\physics</Filter>
    </ClInclude>
    <ClInclude Include="GameObjectConfig.h">
      <Filter>source\game</Filter>
    </ClInclude>
    <ClInclude Include="CreatureConfig.h">
      <Filter>source\game</Filter>
    </ClInclude>
    <ClInclude Include="GameObject.h">
      <Filter>source\game</Filter>
    </ClInclude>
    <ClInclude Include="Creature.h">
      <Filter>source\game</Filter>
    </ClInclude>
    <ClInclude Include="ResourceManager.h">
      <Filter>source\game</Filter>
    </ClInclude>
    <ClInclude Include="ColliderBase.h">
      <Filter>source\physics</Filter>
    </ClInclude>
    <ClInclude Include="source\physics\RectAngleCollider.h">
      <Filter>source\physics</Filter>
    </ClInclude>
    <ClInclude Include="CapsuleCollider.h">
      <Filter>source\physics</Filter>
    </ClInclude>
    <ClInclude Include="Weapon.h" />
    <ClInclude Include="WeaponManager.h" />
    <ClInclude Include="WeaponConfig.h" />
    <ClInclude Include="WeaponPickup.h" />
    <ClInclude Include="source\animations\AnimationFall.h">
      <Filter>source\animations</Filter>
    </ClInclude>
    <ClInclude Include="source\physics\ContactListener.h">
      <Filter>source\physics</Filter>
    </ClInclude>
    <ClInclude Include="WindowManager.h" />
    <ClInclude Include="Bullet.h" />
    <ClInclude Include="BulletConfig.h" />
    <ClInclude Include="PrefabAssets.h" />
    <ClInclude Include="RatchetMaths.h" />
    <ClInclude Include="TraceChannels.h" />
  </ItemGroup>
</Project>